// !$*UTF8*$!
{
	archiveVersion = 1;
	classes = {
	};
	objectVersion = 56;
	objects = {

/* Begin PBXBuildFile section */
		F491DB3F2AE1726900C09C63 /* CBCentralManagerMock.swift in Sources */ = {isa = PBXBuildFile; fileRef = F491DB3E2AE1726900C09C63 /* CBCentralManagerMock.swift */; };
		F491DB412AE178EF00C09C63 /* CBPeripheralMock.swift in Sources */ = {isa = PBXBuildFile; fileRef = F491DB402AE178EF00C09C63 /* CBPeripheralMock.swift */; };
		F491DB432AE1806600C09C63 /* Mock.swift in Sources */ = {isa = PBXBuildFile; fileRef = F491DB422AE1806600C09C63 /* Mock.swift */; };
		F491DB452AE1814200C09C63 /* ServiceCharacteristicsMock.swift in Sources */ = {isa = PBXBuildFile; fileRef = F491DB442AE1814200C09C63 /* ServiceCharacteristicsMock.swift */; };
		F4FB96032ADD5C5A00662A06 /* BLEApp.swift in Sources */ = {isa = PBXBuildFile; fileRef = F4FB96022ADD5C5A00662A06 /* BLEApp.swift */; };
		F4FB96052ADD5C5A00662A06 /* ContentView.swift in Sources */ = {isa = PBXBuildFile; fileRef = F4FB96042ADD5C5A00662A06 /* ContentView.swift */; };
		F4FB96072ADD5C5E00662A06 /* Assets.xcassets in Resources */ = {isa = PBXBuildFile; fileRef = F4FB96062ADD5C5E00662A06 /* Assets.xcassets */; };
		F4FB960A2ADD5C5E00662A06 /* Preview Assets.xcassets in Resources */ = {isa = PBXBuildFile; fileRef = F4FB96092ADD5C5E00662A06 /* Preview Assets.xcassets */; };
		F4FB96132ADD623F00662A06 /* DetailView.swift in Sources */ = {isa = PBXBuildFile; fileRef = F4FB96122ADD623F00662A06 /* DetailView.swift */; };
		F4FB96152ADD677A00662A06 /* ListView.swift in Sources */ = {isa = PBXBuildFile; fileRef = F4FB96142ADD677A00662A06 /* ListView.swift */; };
		F4FB96172ADD762D00662A06 /* Characteristic.swift in Sources */ = {isa = PBXBuildFile; fileRef = F4FB96162ADD762D00662A06 /* Characteristic.swift */; };
		F4FB961A2ADD786A00662A06 /* Peripheral.swift in Sources */ = {isa = PBXBuildFile; fileRef = F4FB96192ADD786A00662A06 /* Peripheral.swift */; };
		F4FB961C2ADD7A6E00662A06 /* Service.swift in Sources */ = {isa = PBXBuildFile; fileRef = F4FB961B2ADD7A6E00662A06 /* Service.swift */; };
		F4FB961F2ADD7BBB00662A06 /* CBPeripheralProtocolDelegate.swift in Sources */ = {isa = PBXBuildFile; fileRef = F4FB961E2ADD7BBB00662A06 /* CBPeripheralProtocolDelegate.swift */; };
		F4FB96242ADDBB4100662A06 /* CoreBluetoothViewModel.swift in Sources */ = {isa = PBXBuildFile; fileRef = F4FB96232ADDBB4100662A06 /* CoreBluetoothViewModel.swift */; };
		F4FB96262ADDBBB800662A06 /* CoreBluetoothViewModelExtensionDelegate.swift in Sources */ = {isa = PBXBuildFile; fileRef = F4FB96252ADDBBB800662A06 /* CoreBluetoothViewModelExtensionDelegate.swift */; };
		F4FB96282ADDBBE800662A06 /* CoreBluetoothViewModelExtensionSwiftUIView.swift in Sources */ = {isa = PBXBuildFile; fileRef = F4FB96272ADDBBE800662A06 /* CoreBluetoothViewModelExtensionSwiftUIView.swift */; };
/* End PBXBuildFile section */

/* Begin PBXFileReference section */
		F491DB3E2AE1726900C09C63 /* CBCentralManagerMock.swift */ = {isa = PBXFileReference; lastKnownFileType = sourcecode.swift; path = CBCentralManagerMock.swift; sourceTree = "<group>"; };
		F491DB402AE178EF00C09C63 /* CBPeripheralMock.swift */ = {isa = PBXFileReference; lastKnownFileType = sourcecode.swift; path = CBPeripheralMock.swift; sourceTree = "<group>"; };
		F491DB422AE1806600C09C63 /* Mock.swift */ = {isa = PBXFileReference; lastKnownFileType = sourcecode.swift; path = Mock.swift; sourceTree = "<group>"; };
		F491DB442AE1814200C09C63 /* ServiceCharacteristicsMock.swift */ = {isa = PBXFileReference; lastKnownFileType = sourcecode.swift; path = ServiceCharacteristicsMock.swift; sourceTree = "<group>"; };
		F4FB95FF2ADD5C5A00662A06 /* BLE.app */ = {isa = PBXFileReference; explicitFileType = wrapper.application; includeInIndex = 0; path = BLE.app; sourceTree = BUILT_PRODUCTS_DIR; };
		F4FB96022ADD5C5A00662A06 /* BLEApp.swift */ = {isa = PBXFileReference; lastKnownFileType = sourcecode.swift; path = BLEApp.swift; sourceTree = "<group>"; };
		F4FB96042ADD5C5A00662A06 /* ContentView.swift */ = {isa = PBXFileReference; lastKnownFileType = sourcecode.swift; path = ContentView.swift; sourceTree = "<group>"; };
		F4FB96062ADD5C5E00662A06 /* Assets.xcassets */ = {isa = PBXFileReference; lastKnownFileType = folder.assetcatalog; path = Assets.xcassets; sourceTree = "<group>"; };
		F4FB96092ADD5C5E00662A06 /* Preview Assets.xcassets */ = {isa = PBXFileReference; lastKnownFileType = folder.assetcatalog; path = "Preview Assets.xcassets"; sourceTree = "<group>"; };
		F4FB96122ADD623F00662A06 /* DetailView.swift */ = {isa = PBXFileReference; lastKnownFileType = sourcecode.swift; path = DetailView.swift; sourceTree = "<group>"; };
		F4FB96142ADD677A00662A06 /* ListView.swift */ = {isa = PBXFileReference; lastKnownFileType = sourcecode.swift; path = ListView.swift; sourceTree = "<group>"; };
		F4FB96162ADD762D00662A06 /* Characteristic.swift */ = {isa = PBXFileReference; lastKnownFileType = sourcecode.swift; path = Characteristic.swift; sourceTree = "<group>"; };
		F4FB96192ADD786A00662A06 /* Peripheral.swift */ = {isa = PBXFileReference; lastKnownFileType = sourcecode.swift; path = Peripheral.swift; sourceTree = "<group>"; };
		F4FB961B2ADD7A6E00662A06 /* Service.swift */ = {isa = PBXFileReference; lastKnownFileType = sourcecode.swift; path = Service.swift; sourceTree = "<group>"; };
		F4FB961E2ADD7BBB00662A06 /* CBPeripheralProtocolDelegate.swift */ = {isa = PBXFileReference; lastKnownFileType = sourcecode.swift; path = CBPeripheralProtocolDelegate.swift; sourceTree = "<group>"; };
		F4FB96232ADDBB4100662A06 /* CoreBluetoothViewModel.swift */ = {isa = PBXFileReference; lastKnownFileType = sourcecode.swift; path = CoreBluetoothViewModel.swift; sourceTree = "<group>"; };
		F4FB96252ADDBBB800662A06 /* CoreBluetoothViewModelExtensionDelegate.swift */ = {isa = PBXFileReference; lastKnownFileType = sourcecode.swift; path = CoreBluetoothViewModelExtensionDelegate.swift; sourceTree = "<group>"; };
		F4FB96272ADDBBE800662A06 /* CoreBluetoothViewModelExtensionSwiftUIView.swift */ = {isa = PBXFileReference; lastKnownFileType = sourcecode.swift; path = CoreBluetoothViewModelExtensionSwiftUIView.swift; sourceTree = "<group>"; };
/* End PBXFileReference section */

/* Begin PBXFrameworksBuildPhase section */
		F4FB95FC2ADD5C5A00662A06 /* Frameworks */ = {
			isa = PBXFrameworksBuildPhase;
			buildActionMask = 2147483647;
			files = (
			);
			runOnlyForDeploymentPostprocessing = 0;
		};
/* End PBXFrameworksBuildPhase section */

/* Begin PBXGroup section */
		F491DB3D2AE1724A00C09C63 /* Mock */ = {
			isa = PBXGroup;
			children = (
				F491DB3E2AE1726900C09C63 /* CBCentralManagerMock.swift */,
				F491DB402AE178EF00C09C63 /* CBPeripheralMock.swift */,
				F491DB422AE1806600C09C63 /* Mock.swift */,
				F491DB442AE1814200C09C63 /* ServiceCharacteristicsMock.swift */,
			);
			path = Mock;
			sourceTree = "<group>";
		};
		F4FB95F62ADD5C5A00662A06 = {
			isa = PBXGroup;
			children = (
				F4FB96012ADD5C5A00662A06 /* BLE */,
				F4FB96002ADD5C5A00662A06 /* Products */,
			);
			sourceTree = "<group>";
		};
		F4FB96002ADD5C5A00662A06 /* Products */ = {
			isa = PBXGroup;
			children = (
				F4FB95FF2ADD5C5A00662A06 /* BLE.app */,
			);
			name = Products;
			sourceTree = "<group>";
		};
		F4FB96012ADD5C5A00662A06 /* BLE */ = {
			isa = PBXGroup;
			children = (
				F4FB96022ADD5C5A00662A06 /* BLEApp.swift */,
				F491DB3D2AE1724A00C09C63 /* Mock */,
				F4FB961D2ADD7B9500662A06 /* Delegate */,
				F4FB96182ADD783E00662A06 /* Store */,
				F4FB96292ADDBE1600662A06 /* View */,
				F4FB96222ADDBADE00662A06 /* CoreBluetooth */,
				F4FB96062ADD5C5E00662A06 /* Assets.xcassets */,
				F4FB96082ADD5C5E00662A06 /* Preview Content */,
			);
			path = BLE;
			sourceTree = "<group>";
		};
		F4FB96082ADD5C5E00662A06 /* Preview Content */ = {
			isa = PBXGroup;
			children = (
				F4FB96092ADD5C5E00662A06 /* Preview Assets.xcassets */,
			);
			path = "Preview Content";
			sourceTree = "<group>";
		};
		F4FB96182ADD783E00662A06 /* Store */ = {
			isa = PBXGroup;
			children = (
				F4FB96162ADD762D00662A06 /* Characteristic.swift */,
				F4FB96192ADD786A00662A06 /* Peripheral.swift */,
				F4FB961B2ADD7A6E00662A06 /* Service.swift */,
			);
			path = Store;
			sourceTree = "<group>";
		};
		F4FB961D2ADD7B9500662A06 /* Delegate */ = {
			isa = PBXGroup;
			children = (
				F4FB961E2ADD7BBB00662A06 /* CBPeripheralProtocolDelegate.swift */,
			);
			path = Delegate;
			sourceTree = "<group>";
		};
		F4FB96222ADDBADE00662A06 /* CoreBluetooth */ = {
			isa = PBXGroup;
			children = (
				F4FB96232ADDBB4100662A06 /* CoreBluetoothViewModel.swift */,
				F4FB96252ADDBBB800662A06 /* CoreBluetoothViewModelExtensionDelegate.swift */,
				F4FB96272ADDBBE800662A06 /* CoreBluetoothViewModelExtensionSwiftUIView.swift */,
			);
			path = CoreBluetooth;
			sourceTree = "<group>";
		};
		F4FB96292ADDBE1600662A06 /* View */ = {
			isa = PBXGroup;
			children = (
				F4FB96042ADD5C5A00662A06 /* ContentView.swift */,
				F4FB96122ADD623F00662A06 /* DetailView.swift */,
				F4FB96142ADD677A00662A06 /* ListView.swift */,
			);
			path = View;
			sourceTree = "<group>";
		};
/* End PBXGroup section */

/* Begin PBXNativeTarget section */
		F4FB95FE2ADD5C5A00662A06 /* BLE */ = {
			isa = PBXNativeTarget;
			buildConfigurationList = F4FB960D2ADD5C5E00662A06 /* Build configuration list for PBXNativeTarget "BLE" */;
			buildPhases = (
				F4FB95FB2ADD5C5A00662A06 /* Sources */,
				F4FB95FC2ADD5C5A00662A06 /* Frameworks */,
				F4FB95FD2ADD5C5A00662A06 /* Resources */,
			);
			buildRules = (
			);
			dependencies = (
			);
			name = BLE;
			productName = BLE;
			productReference = F4FB95FF2ADD5C5A00662A06 /* BLE.app */;
			productType = "com.apple.product-type.application";
		};
/* End PBXNativeTarget section */

/* Begin PBXProject section */
		F4FB95F72ADD5C5A00662A06 /* Project object */ = {
			isa = PBXProject;
			attributes = {
				BuildIndependentTargetsInParallel = 1;
				LastSwiftUpdateCheck = 1430;
				LastUpgradeCheck = 1430;
				TargetAttributes = {
					F4FB95FE2ADD5C5A00662A06 = {
						CreatedOnToolsVersion = 14.3.1;
					};
				};
			};
			buildConfigurationList = F4FB95FA2ADD5C5A00662A06 /* Build configuration list for PBXProject "BLE" */;
			compatibilityVersion = "Xcode 14.0";
			developmentRegion = en;
			hasScannedForEncodings = 0;
			knownRegions = (
				en,
				Base,
			);
			mainGroup = F4FB95F62ADD5C5A00662A06;
			productRefGroup = F4FB96002ADD5C5A00662A06 /* Products */;
			projectDirPath = "";
			projectRoot = "";
			targets = (
				F4FB95FE2ADD5C5A00662A06 /* BLE */,
			);
		};
/* End PBXProject section */

/* Begin PBXResourcesBuildPhase section */
		F4FB95FD2ADD5C5A00662A06 /* Resources */ = {
			isa = PBXResourcesBuildPhase;
			buildActionMask = 2147483647;
			files = (
				F4FB960A2ADD5C5E00662A06 /* Preview Assets.xcassets in Resources */,
				F4FB96072ADD5C5E00662A06 /* Assets.xcassets in Resources */,
			);
			runOnlyForDeploymentPostprocessing = 0;
		};
/* End PBXResourcesBuildPhase section */

/* Begin PBXSourcesBuildPhase section */
		F4FB95FB2ADD5C5A00662A06 /* Sources */ = {
			isa = PBXSourcesBuildPhase;
			buildActionMask = 2147483647;
			files = (
				F4FB96152ADD677A00662A06 /* ListView.swift in Sources */,
				F4FB961C2ADD7A6E00662A06 /* Service.swift in Sources */,
				F4FB961A2ADD786A00662A06 /* Peripheral.swift in Sources */,
				F491DB432AE1806600C09C63 /* Mock.swift in Sources */,
				F4FB96262ADDBBB800662A06 /* CoreBluetoothViewModelExtensionDelegate.swift in Sources */,
				F491DB3F2AE1726900C09C63 /* CBCentralManagerMock.swift in Sources */,
				F491DB452AE1814200C09C63 /* ServiceCharacteristicsMock.swift in Sources */,
				F4FB96282ADDBBE800662A06 /* CoreBluetoothViewModelExtensionSwiftUIView.swift in Sources */,
				F4FB96052ADD5C5A00662A06 /* ContentView.swift in Sources */,
				F4FB96172ADD762D00662A06 /* Characteristic.swift in Sources */,
				F4FB96132ADD623F00662A06 /* DetailView.swift in Sources */,
				F491DB412AE178EF00C09C63 /* CBPeripheralMock.swift in Sources */,
				F4FB96032ADD5C5A00662A06 /* BLEApp.swift in Sources */,
				F4FB961F2ADD7BBB00662A06 /* CBPeripheralProtocolDelegate.swift in Sources */,
				F4FB96242ADDBB4100662A06 /* CoreBluetoothViewModel.swift in Sources */,
			);
			runOnlyForDeploymentPostprocessing = 0;
		};
/* End PBXSourcesBuildPhase section */

/* Begin XCBuildConfiguration section */
		F4FB960B2ADD5C5E00662A06 /* Debug */ = {
			isa = XCBuildConfiguration;
			buildSettings = {
				ALWAYS_SEARCH_USER_PATHS = NO;
				CLANG_ANALYZER_NONNULL = YES;
				CLANG_ANALYZER_NUMBER_OBJECT_CONVERSION = YES_AGGRESSIVE;
				CLANG_CXX_LANGUAGE_STANDARD = "gnu++20";
				CLANG_ENABLE_MODULES = YES;
				CLANG_ENABLE_OBJC_ARC = YES;
				CLANG_ENABLE_OBJC_WEAK = YES;
				CLANG_WARN_BLOCK_CAPTURE_AUTORELEASING = YES;
				CLANG_WARN_BOOL_CONVERSION = YES;
				CLANG_WARN_COMMA = YES;
				CLANG_WARN_CONSTANT_CONVERSION = YES;
				CLANG_WARN_DEPRECATED_OBJC_IMPLEMENTATIONS = YES;
				CLANG_WARN_DIRECT_OBJC_ISA_USAGE = YES_ERROR;
				CLANG_WARN_DOCUMENTATION_COMMENTS = YES;
				CLANG_WARN_EMPTY_BODY = YES;
				CLANG_WARN_ENUM_CONVERSION = YES;
				CLANG_WARN_INFINITE_RECURSION = YES;
				CLANG_WARN_INT_CONVERSION = YES;
				CLANG_WARN_NON_LITERAL_NULL_CONVERSION = YES;
				CLANG_WARN_OBJC_IMPLICIT_RETAIN_SELF = YES;
				CLANG_WARN_OBJC_LITERAL_CONVERSION = YES;
				CLANG_WARN_OBJC_ROOT_CLASS = YES_ERROR;
				CLANG_WARN_QUOTED_INCLUDE_IN_FRAMEWORK_HEADER = YES;
				CLANG_WARN_RANGE_LOOP_ANALYSIS = YES;
				CLANG_WARN_STRICT_PROTOTYPES = YES;
				CLANG_WARN_SUSPICIOUS_MOVE = YES;
				CLANG_WARN_UNGUARDED_AVAILABILITY = YES_AGGRESSIVE;
				CLANG_WARN_UNREACHABLE_CODE = YES;
				CLANG_WARN__DUPLICATE_METHOD_MATCH = YES;
				COPY_PHASE_STRIP = NO;
				DEBUG_INFORMATION_FORMAT = dwarf;
				ENABLE_STRICT_OBJC_MSGSEND = YES;
				ENABLE_TESTABILITY = YES;
				GCC_C_LANGUAGE_STANDARD = gnu11;
				GCC_DYNAMIC_NO_PIC = NO;
				GCC_NO_COMMON_BLOCKS = YES;
				GCC_OPTIMIZATION_LEVEL = 0;
				GCC_PREPROCESSOR_DEFINITIONS = (
					"DEBUG=1",
					"$(inherited)",
				);
				GCC_WARN_64_TO_32_BIT_CONVERSION = YES;
				GCC_WARN_ABOUT_RETURN_TYPE = YES_ERROR;
				GCC_WARN_UNDECLARED_SELECTOR = YES;
				GCC_WARN_UNINITIALIZED_AUTOS = YES_AGGRESSIVE;
				GCC_WARN_UNUSED_FUNCTION = YES;
				GCC_WARN_UNUSED_VARIABLE = YES;
				IPHONEOS_DEPLOYMENT_TARGET = 16.4;
				MTL_ENABLE_DEBUG_INFO = INCLUDE_SOURCE;
				MTL_FAST_MATH = YES;
				ONLY_ACTIVE_ARCH = YES;
				SDKROOT = iphoneos;
				SWIFT_ACTIVE_COMPILATION_CONDITIONS = DEBUG;
				SWIFT_OPTIMIZATION_LEVEL = "-Onone";
			};
			name = Debug;
		};
		F4FB960C2ADD5C5E00662A06 /* Release */ = {
			isa = XCBuildConfiguration;
			buildSettings = {
				ALWAYS_SEARCH_USER_PATHS = NO;
				CLANG_ANALYZER_NONNULL = YES;
				CLANG_ANALYZER_NUMBER_OBJECT_CONVERSION = YES_AGGRESSIVE;
				CLANG_CXX_LANGUAGE_STANDARD = "gnu++20";
				CLANG_ENABLE_MODULES = YES;
				CLANG_ENABLE_OBJC_ARC = YES;
				CLANG_ENABLE_OBJC_WEAK = YES;
				CLANG_WARN_BLOCK_CAPTURE_AUTORELEASING = YES;
				CLANG_WARN_BOOL_CONVERSION = YES;
				CLANG_WARN_COMMA = YES;
				CLANG_WARN_CONSTANT_CONVERSION = YES;
				CLANG_WARN_DEPRECATED_OBJC_IMPLEMENTATIONS = YES;
				CLANG_WARN_DIRECT_OBJC_ISA_USAGE = YES_ERROR;
				CLANG_WARN_DOCUMENTATION_COMMENTS = YES;
				CLANG_WARN_EMPTY_BODY = YES;
				CLANG_WARN_ENUM_CONVERSION = YES;
				CLANG_WARN_INFINITE_RECURSION = YES;
				CLANG_WARN_INT_CONVERSION = YES;
				CLANG_WARN_NON_LITERAL_NULL_CONVERSION = YES;
				CLANG_WARN_OBJC_IMPLICIT_RETAIN_SELF = YES;
				CLANG_WARN_OBJC_LITERAL_CONVERSION = YES;
				CLANG_WARN_OBJC_ROOT_CLASS = YES_ERROR;
				CLANG_WARN_QUOTED_INCLUDE_IN_FRAMEWORK_HEADER = YES;
				CLANG_WARN_RANGE_LOOP_ANALYSIS = YES;
				CLANG_WARN_STRICT_PROTOTYPES = YES;
				CLANG_WARN_SUSPICIOUS_MOVE = YES;
				CLANG_WARN_UNGUARDED_AVAILABILITY = YES_AGGRESSIVE;
				CLANG_WARN_UNREACHABLE_CODE = YES;
				CLANG_WARN__DUPLICATE_METHOD_MATCH = YES;
				COPY_PHASE_STRIP = NO;
				DEBUG_INFORMATION_FORMAT = "dwarf-with-dsym";
				ENABLE_NS_ASSERTIONS = NO;
				ENABLE_STRICT_OBJC_MSGSEND = YES;
				GCC_C_LANGUAGE_STANDARD = gnu11;
				GCC_NO_COMMON_BLOCKS = YES;
				GCC_WARN_64_TO_32_BIT_CONVERSION = YES;
				GCC_WARN_ABOUT_RETURN_TYPE = YES_ERROR;
				GCC_WARN_UNDECLARED_SELECTOR = YES;
				GCC_WARN_UNINITIALIZED_AUTOS = YES_AGGRESSIVE;
				GCC_WARN_UNUSED_FUNCTION = YES;
				GCC_WARN_UNUSED_VARIABLE = YES;
				IPHONEOS_DEPLOYMENT_TARGET = 16.4;
				MTL_ENABLE_DEBUG_INFO = NO;
				MTL_FAST_MATH = YES;
				SDKROOT = iphoneos;
				SWIFT_COMPILATION_MODE = wholemodule;
				SWIFT_OPTIMIZATION_LEVEL = "-O";
				VALIDATE_PRODUCT = YES;
			};
			name = Release;
		};
		F4FB960E2ADD5C5E00662A06 /* Debug */ = {
			isa = XCBuildConfiguration;
			buildSettings = {
				ASSETCATALOG_COMPILER_APPICON_NAME = AppIcon;
				ASSETCATALOG_COMPILER_GLOBAL_ACCENT_COLOR_NAME = AccentColor;
				CODE_SIGN_STYLE = Automatic;
				CURRENT_PROJECT_VERSION = 1;
				DEVELOPMENT_ASSET_PATHS = "\"BLE/Preview Content\"";
				DEVELOPMENT_TEAM = AN8Q24H8Q5;
				ENABLE_PREVIEWS = YES;
				GENERATE_INFOPLIST_FILE = YES;
				INFOPLIST_KEY_UIApplicationSceneManifest_Generation = YES;
				INFOPLIST_KEY_UIApplicationSupportsIndirectInputEvents = YES;
				INFOPLIST_KEY_UILaunchScreen_Generation = YES;
				INFOPLIST_KEY_UISupportedInterfaceOrientations_iPad = "UIInterfaceOrientationPortrait UIInterfaceOrientationPortraitUpsideDown UIInterfaceOrientationLandscapeLeft UIInterfaceOrientationLandscapeRight";
				INFOPLIST_KEY_UISupportedInterfaceOrientations_iPhone = "UIInterfaceOrientationPortrait UIInterfaceOrientationLandscapeLeft UIInterfaceOrientationLandscapeRight";
				IPHONEOS_DEPLOYMENT_TARGET = 15.4;
				LD_RUNPATH_SEARCH_PATHS = (
					"$(inherited)",
					"@executable_path/Frameworks",
				);
				MARKETING_VERSION = 1.0;
				PRODUCT_BUNDLE_IDENTIFIER = com.ChristianKhederchah.BLE;
				PRODUCT_NAME = "$(TARGET_NAME)";
				SWIFT_EMIT_LOC_STRINGS = YES;
				SWIFT_VERSION = 5.0;
				TARGETED_DEVICE_FAMILY = "1,2";
			};
			name = Debug;
		};
		F4FB960F2ADD5C5E00662A06 /* Release */ = {
			isa = XCBuildConfiguration;
			buildSettings = {
				ASSETCATALOG_COMPILER_APPICON_NAME = AppIcon;
				ASSETCATALOG_COMPILER_GLOBAL_ACCENT_COLOR_NAME = AccentColor;
				CODE_SIGN_STYLE = Automatic;
				CURRENT_PROJECT_VERSION = 1;
				DEVELOPMENT_ASSET_PATHS = "\"BLE/Preview Content\"";
				DEVELOPMENT_TEAM = AN8Q24H8Q5;
				ENABLE_PREVIEWS = YES;
				GENERATE_INFOPLIST_FILE = YES;
				INFOPLIST_KEY_UIApplicationSceneManifest_Generation = YES;
				INFOPLIST_KEY_UIApplicationSupportsIndirectInputEvents = YES;
				INFOPLIST_KEY_UILaunchScreen_Generation = YES;
				INFOPLIST_KEY_UISupportedInterfaceOrientations_iPad = "UIInterfaceOrientationPortrait UIInterfaceOrientationPortraitUpsideDown UIInterfaceOrientationLandscapeLeft UIInterfaceOrientationLandscapeRight";
				INFOPLIST_KEY_UISupportedInterfaceOrientations_iPhone = "UIInterfaceOrientationPortrait UIInterfaceOrientationLandscapeLeft UIInterfaceOrientationLandscapeRight";
				IPHONEOS_DEPLOYMENT_TARGET = 15.4;
				LD_RUNPATH_SEARCH_PATHS = (
					"$(inherited)",
					"@executable_path/Frameworks",
				);
				MARKETING_VERSION = 1.0;
				PRODUCT_BUNDLE_IDENTIFIER = com.ChristianKhederchah.BLE;
				PRODUCT_NAME = "$(TARGET_NAME)";
				SWIFT_EMIT_LOC_STRINGS = YES;
				SWIFT_VERSION = 5.0;
				TARGETED_DEVICE_FAMILY = "1,2";
			};
			name = Release;
		};
/* End XCBuildConfiguration section */

/* Begin XCConfigurationList section */
		F4FB95FA2ADD5C5A00662A06 /* Build configuration list for PBXProject "BLE" */ = {
			isa = XCConfigurationList;
			buildConfigurations = (
				F4FB960B2ADD5C5E00662A06 /* Debug */,
				F4FB960C2ADD5C5E00662A06 /* Release */,
			);
			defaultConfigurationIsVisible = 0;
			defaultConfigurationName = Release;
		};
		F4FB960D2ADD5C5E00662A06 /* Build configuration list for PBXNativeTarget "BLE" */ = {
			isa = XCConfigurationList;
			buildConfigurations = (
				F4FB960E2ADD5C5E00662A06 /* Debug */,
				F4FB960F2ADD5C5E00662A06 /* Release */,
			);
			defaultConfigurationIsVisible = 0;
			defaultConfigurationName = Release;
		};
/* End XCConfigurationList section */
	};
	rootObject = F4FB95F72ADD5C5A00662A06 /* Project object */;
}
